
Microsoft Visual Studio Solution File, Format Version 12.00
# Visual Studio 15
VisualStudioVersion = 15.0.27428.2043
MinimumVisualStudioVersion = 10.0.40219.1
Project("{FAE04EC0-301F-11D3-BF4B-00C04F79EFBC}") = "ContestProject", "ContestProject\ContestProject.csproj", "{260EDE6C-CFD5-4A8A-81FC-5F047AA5E5B2}"
EndProject
Project("{FAE04EC0-301F-11D3-BF4B-00C04F79EFBC}") = "LINQtoCSV", "LINQtoCSV\LINQtoCSV\LINQtoCSV.csproj", "{07058BF9-6F86-40FF-AE33-2A4F89B5758A}"
EndProject
Project("{FAE04EC0-301F-11D3-BF4B-00C04F79EFBC}") = "TestConsoleApplication", "LINQtoCSV\TestConsoleApplication\TestConsoleApplication.csproj", "{C3FE8ACB-688B-47E4-9E62-0EE09B0435E1}"
EndProject
Project("{FAE04EC0-301F-11D3-BF4B-00C04F79EFBC}") = "CommunicationOverTCP", "ConsoleApplication1\CommunicationOverTCP.csproj", "{C162785E-2936-43E0-B60B-8C978E06F34F}"
EndProject
Project("{FAE04EC0-301F-11D3-BF4B-00C04F79EFBC}") = "ContestProjectWPF", "ContestProjectWPF\ContestProjectWPF.csproj", "{C8A42207-0595-4D75-A11B-57836C17E82B}"
EndProject
Project("{FAE04EC0-301F-11D3-BF4B-00C04F79EFBC}") = "ContestProjectTests", "ContestProjectTests\ContestProjectTests.csproj", "{EF26CF06-AF76-452F-967E-ED7DBE888391}"
EndProject
Global
	GlobalSection(SolutionConfigurationPlatforms) = preSolution
		Debug|Any CPU = Debug|Any CPU
		Level1|Any CPU = Level1|Any CPU
		Level2|Any CPU = Level2|Any CPU
		Level3|Any CPU = Level3|Any CPU
		Level4|Any CPU = Level4|Any CPU
		Level5|Any CPU = Level5|Any CPU
		Level6|Any CPU = Level6|Any CPU
		Level7|Any CPU = Level7|Any CPU
		Release|Any CPU = Release|Any CPU
	EndGlobalSection
	GlobalSection(ProjectConfigurationPlatforms) = postSolution
		{260EDE6C-CFD5-4A8A-81FC-5F047AA5E5B2}.Debug|Any CPU.ActiveCfg = Debug|Any CPU
		{260EDE6C-CFD5-4A8A-81FC-5F047AA5E5B2}.Debug|Any CPU.Build.0 = Debug|Any CPU
		{260EDE6C-CFD5-4A8A-81FC-5F047AA5E5B2}.Level1|Any CPU.ActiveCfg = Level1|Any CPU
		{260EDE6C-CFD5-4A8A-81FC-5F047AA5E5B2}.Level1|Any CPU.Build.0 = Level1|Any CPU
		{260EDE6C-CFD5-4A8A-81FC-5F047AA5E5B2}.Level2|Any CPU.ActiveCfg = Level2|Any CPU
		{260EDE6C-CFD5-4A8A-81FC-5F047AA5E5B2}.Level2|Any CPU.Build.0 = Level2|Any CPU
		{260EDE6C-CFD5-4A8A-81FC-5F047AA5E5B2}.Level3|Any CPU.ActiveCfg = Level3|Any CPU
		{260EDE6C-CFD5-4A8A-81FC-5F047AA5E5B2}.Level3|Any CPU.Build.0 = Level3|Any CPU
		{260EDE6C-CFD5-4A8A-81FC-5F047AA5E5B2}.Level4|Any CPU.ActiveCfg = Level4|Any CPU
		{260EDE6C-CFD5-4A8A-81FC-5F047AA5E5B2}.Level4|Any CPU.Build.0 = Level4|Any CPU
		{260EDE6C-CFD5-4A8A-81FC-5F047AA5E5B2}.Level5|Any CPU.ActiveCfg = Level5|Any CPU
		{260EDE6C-CFD5-4A8A-81FC-5F047AA5E5B2}.Level5|Any CPU.Build.0 = Level5|Any CPU
		{260EDE6C-CFD5-4A8A-81FC-5F047AA5E5B2}.Level6|Any CPU.ActiveCfg = Level6|Any CPU
		{260EDE6C-CFD5-4A8A-81FC-5F047AA5E5B2}.Level6|Any CPU.Build.0 = Level6|Any CPU
		{260EDE6C-CFD5-4A8A-81FC-5F047AA5E5B2}.Level7|Any CPU.ActiveCfg = Level7|Any CPU
		{260EDE6C-CFD5-4A8A-81FC-5F047AA5E5B2}.Level7|Any CPU.Build.0 = Level7|Any CPU
		{260EDE6C-CFD5-4A8A-81FC-5F047AA5E5B2}.Release|Any CPU.ActiveCfg = Release|Any CPU
		{260EDE6C-CFD5-4A8A-81FC-5F047AA5E5B2}.Release|Any CPU.Build.0 = Release|Any CPU
		{07058BF9-6F86-40FF-AE33-2A4F89B5758A}.Debug|Any CPU.ActiveCfg = Debug|Any CPU
		{07058BF9-6F86-40FF-AE33-2A4F89B5758A}.Debug|Any CPU.Build.0 = Debug|Any CPU
		{07058BF9-6F86-40FF-AE33-2A4F89B5758A}.Level1|Any CPU.ActiveCfg = Release|Any CPU
		{07058BF9-6F86-40FF-AE33-2A4F89B5758A}.Level1|Any CPU.Build.0 = Release|Any CPU
		{07058BF9-6F86-40FF-AE33-2A4F89B5758A}.Level2|Any CPU.ActiveCfg = Release|Any CPU
		{07058BF9-6F86-40FF-AE33-2A4F89B5758A}.Level2|Any CPU.Build.0 = Release|Any CPU
		{07058BF9-6F86-40FF-AE33-2A4F89B5758A}.Level3|Any CPU.ActiveCfg = Release|Any CPU
		{07058BF9-6F86-40FF-AE33-2A4F89B5758A}.Level3|Any CPU.Build.0 = Release|Any CPU
		{07058BF9-6F86-40FF-AE33-2A4F89B5758A}.Level4|Any CPU.ActiveCfg = Release|Any CPU
		{07058BF9-6F86-40FF-AE33-2A4F89B5758A}.Level4|Any CPU.Build.0 = Release|Any CPU
		{07058BF9-6F86-40FF-AE33-2A4F89B5758A}.Level5|Any CPU.ActiveCfg = Release|Any CPU
		{07058BF9-6F86-40FF-AE33-2A4F89B5758A}.Level5|Any CPU.Build.0 = Release|Any CPU
		{07058BF9-6F86-40FF-AE33-2A4F89B5758A}.Level6|Any CPU.ActiveCfg = Release|Any CPU
		{07058BF9-6F86-40FF-AE33-2A4F89B5758A}.Level6|Any CPU.Build.0 = Release|Any CPU
		{07058BF9-6F86-40FF-AE33-2A4F89B5758A}.Level7|Any CPU.ActiveCfg = Release|Any CPU
		{07058BF9-6F86-40FF-AE33-2A4F89B5758A}.Level7|Any CPU.Build.0 = Release|Any CPU
		{07058BF9-6F86-40FF-AE33-2A4F89B5758A}.Release|Any CPU.ActiveCfg = Release|Any CPU
		{07058BF9-6F86-40FF-AE33-2A4F89B5758A}.Release|Any CPU.Build.0 = Release|Any CPU
		{C3FE8ACB-688B-47E4-9E62-0EE09B0435E1}.Debug|Any CPU.ActiveCfg = Debug|Any CPU
		{C3FE8ACB-688B-47E4-9E62-0EE09B0435E1}.Debug|Any CPU.Build.0 = Debug|Any CPU
		{C3FE8ACB-688B-47E4-9E62-0EE09B0435E1}.Level1|Any CPU.ActiveCfg = Release|Any CPU
		{C3FE8ACB-688B-47E4-9E62-0EE09B0435E1}.Level1|Any CPU.Build.0 = Release|Any CPU
		{C3FE8ACB-688B-47E4-9E62-0EE09B0435E1}.Level2|Any CPU.ActiveCfg = Release|Any CPU
		{C3FE8ACB-688B-47E4-9E62-0EE09B0435E1}.Level2|Any CPU.Build.0 = Release|Any CPU
		{C3FE8ACB-688B-47E4-9E62-0EE09B0435E1}.Level3|Any CPU.ActiveCfg = Release|Any CPU
		{C3FE8ACB-688B-47E4-9E62-0EE09B0435E1}.Level3|Any CPU.Build.0 = Release|Any CPU
		{C3FE8ACB-688B-47E4-9E62-0EE09B0435E1}.Level4|Any CPU.ActiveCfg = Release|Any CPU
		{C3FE8ACB-688B-47E4-9E62-0EE09B0435E1}.Level4|Any CPU.Build.0 = Release|Any CPU
		{C3FE8ACB-688B-47E4-9E62-0EE09B0435E1}.Level5|Any CPU.ActiveCfg = Release|Any CPU
		{C3FE8ACB-688B-47E4-9E62-0EE09B0435E1}.Level5|Any CPU.Build.0 = Release|Any CPU
		{C3FE8ACB-688B-47E4-9E62-0EE09B0435E1}.Level6|Any CPU.ActiveCfg = Release|Any CPU
		{C3FE8ACB-688B-47E4-9E62-0EE09B0435E1}.Level6|Any CPU.Build.0 = Release|Any CPU
		{C3FE8ACB-688B-47E4-9E62-0EE09B0435E1}.Level7|Any CPU.ActiveCfg = Release|Any CPU
		{C3FE8ACB-688B-47E4-9E62-0EE09B0435E1}.Level7|Any CPU.Build.0 = Release|Any CPU
		{C3FE8ACB-688B-47E4-9E62-0EE09B0435E1}.Release|Any CPU.ActiveCfg = Release|Any CPU
		{C3FE8ACB-688B-47E4-9E62-0EE09B0435E1}.Release|Any CPU.Build.0 = Release|Any CPU
		{C162785E-2936-43E0-B60B-8C978E06F34F}.Debug|Any CPU.ActiveCfg = Debug|Any CPU
		{C162785E-2936-43E0-B60B-8C978E06F34F}.Debug|Any CPU.Build.0 = Debug|Any CPU
		{C162785E-2936-43E0-B60B-8C978E06F34F}.Level1|Any CPU.ActiveCfg = Release|Any CPU
		{C162785E-2936-43E0-B60B-8C978E06F34F}.Level1|Any CPU.Build.0 = Release|Any CPU
		{C162785E-2936-43E0-B60B-8C978E06F34F}.Level2|Any CPU.ActiveCfg = Release|Any CPU
		{C162785E-2936-43E0-B60B-8C978E06F34F}.Level2|Any CPU.Build.0 = Release|Any CPU
		{C162785E-2936-43E0-B60B-8C978E06F34F}.Level3|Any CPU.ActiveCfg = Release|Any CPU
		{C162785E-2936-43E0-B60B-8C978E06F34F}.Level3|Any CPU.Build.0 = Release|Any CPU
		{C162785E-2936-43E0-B60B-8C978E06F34F}.Level4|Any CPU.ActiveCfg = Release|Any CPU
		{C162785E-2936-43E0-B60B-8C978E06F34F}.Level4|Any CPU.Build.0 = Release|Any CPU
		{C162785E-2936-43E0-B60B-8C978E06F34F}.Level5|Any CPU.ActiveCfg = Release|Any CPU
		{C162785E-2936-43E0-B60B-8C978E06F34F}.Level5|Any CPU.Build.0 = Release|Any CPU
		{C162785E-2936-43E0-B60B-8C978E06F34F}.Level6|Any CPU.ActiveCfg = Release|Any CPU
		{C162785E-2936-43E0-B60B-8C978E06F34F}.Level6|Any CPU.Build.0 = Release|Any CPU
		{C162785E-2936-43E0-B60B-8C978E06F34F}.Level7|Any CPU.ActiveCfg = Release|Any CPU
		{C162785E-2936-43E0-B60B-8C978E06F34F}.Level7|Any CPU.Build.0 = Release|Any CPU
		{C162785E-2936-43E0-B60B-8C978E06F34F}.Release|Any CPU.ActiveCfg = Release|Any CPU
		{C162785E-2936-43E0-B60B-8C978E06F34F}.Release|Any CPU.Build.0 = Release|Any CPU
		{C8A42207-0595-4D75-A11B-57836C17E82B}.Debug|Any CPU.ActiveCfg = Debug|Any CPU
		{C8A42207-0595-4D75-A11B-57836C17E82B}.Debug|Any CPU.Build.0 = Debug|Any CPU
		{C8A42207-0595-4D75-A11B-57836C17E82B}.Level1|Any CPU.ActiveCfg = Level1|Any CPU
		{C8A42207-0595-4D75-A11B-57836C17E82B}.Level1|Any CPU.Build.0 = Level1|Any CPU
		{C8A42207-0595-4D75-A11B-57836C17E82B}.Level2|Any CPU.ActiveCfg = Level2|Any CPU
		{C8A42207-0595-4D75-A11B-57836C17E82B}.Level2|Any CPU.Build.0 = Level2|Any CPU
		{C8A42207-0595-4D75-A11B-57836C17E82B}.Level3|Any CPU.ActiveCfg = Level3|Any CPU
		{C8A42207-0595-4D75-A11B-57836C17E82B}.Level3|Any CPU.Build.0 = Level3|Any CPU
		{C8A42207-0595-4D75-A11B-57836C17E82B}.Level4|Any CPU.ActiveCfg = Level4|Any CPU
		{C8A42207-0595-4D75-A11B-57836C17E82B}.Level4|Any CPU.Build.0 = Level4|Any CPU
		{C8A42207-0595-4D75-A11B-57836C17E82B}.Level5|Any CPU.ActiveCfg = Level5|Any CPU
		{C8A42207-0595-4D75-A11B-57836C17E82B}.Level5|Any CPU.Build.0 = Level5|Any CPU
		{C8A42207-0595-4D75-A11B-57836C17E82B}.Level6|Any CPU.ActiveCfg = Level6|Any CPU
		{C8A42207-0595-4D75-A11B-57836C17E82B}.Level6|Any CPU.Build.0 = Level6|Any CPU
		{C8A42207-0595-4D75-A11B-57836C17E82B}.Level7|Any CPU.ActiveCfg = Level7|Any CPU
		{C8A42207-0595-4D75-A11B-57836C17E82B}.Level7|Any CPU.Build.0 = Level7|Any CPU
		{C8A42207-0595-4D75-A11B-57836C17E82B}.Release|Any CPU.ActiveCfg = Release|Any CPU
		{C8A42207-0595-4D75-A11B-57836C17E82B}.Release|Any CPU.Build.0 = Release|Any CPU
		{EF26CF06-AF76-452F-967E-ED7DBE888391}.Debug|Any CPU.ActiveCfg = Debug|Any CPU
		{EF26CF06-AF76-452F-967E-ED7DBE888391}.Debug|Any CPU.Build.0 = Debug|Any CPU
		{EF26CF06-AF76-452F-967E-ED7DBE888391}.Level1|Any CPU.ActiveCfg = Release|Any CPU
		{EF26CF06-AF76-452F-967E-ED7DBE888391}.Level1|Any CPU.Build.0 = Release|Any CPU
		{EF26CF06-AF76-452F-967E-ED7DBE888391}.Level2|Any CPU.ActiveCfg = Release|Any CPU
		{EF26CF06-AF76-452F-967E-ED7DBE888391}.Level2|Any CPU.Build.0 = Release|Any CPU
		{EF26CF06-AF76-452F-967E-ED7DBE888391}.Level3|Any CPU.ActiveCfg = Release|Any CPU
		{EF26CF06-AF76-452F-967E-ED7DBE888391}.Level3|Any CPU.Build.0 = Release|Any CPU
		{EF26CF06-AF76-452F-967E-ED7DBE888391}.Level4|Any CPU.ActiveCfg = Release|Any CPU
		{EF26CF06-AF76-452F-967E-ED7DBE888391}.Level4|Any CPU.Build.0 = Release|Any CPU
		{EF26CF06-AF76-452F-967E-ED7DBE888391}.Level5|Any CPU.ActiveCfg = Release|Any CPU
		{EF26CF06-AF76-452F-967E-ED7DBE888391}.Level5|Any CPU.Build.0 = Release|Any CPU
		{EF26CF06-AF76-452F-967E-ED7DBE888391}.Level6|Any CPU.ActiveCfg = Release|Any CPU
		{EF26CF06-AF76-452F-967E-ED7DBE888391}.Level6|Any CPU.Build.0 = Release|Any CPU
		{EF26CF06-AF76-452F-967E-ED7DBE888391}.Level7|Any CPU.ActiveCfg = Release|Any CPU
		{EF26CF06-AF76-452F-967E-ED7DBE888391}.Level7|Any CPU.Build.0 = Release|Any CPU
		{EF26CF06-AF76-452F-967E-ED7DBE888391}.Release|Any CPU.ActiveCfg = Release|Any CPU
		{EF26CF06-AF76-452F-967E-ED7DBE888391}.Release|Any CPU.Build.0 = Release|Any CPU
	EndGlobalSection
	GlobalSection(SolutionProperties) = preSolution
		HideSolutionNode = FALSE
	EndGlobalSection
	GlobalSection(ExtensibilityGlobals) = postSolution
		SolutionGuid = {E42DAFC1-709F-4B13-9170-9FCFB7ED67E8}
	EndGlobalSection
EndGlobal
